
Microsoft Visual Studio Solution File, Format Version 12.00
# Visual Studio 2012
Project("{FAE04EC0-301F-11D3-BF4B-00C04F79EFBC}") = "FarManager", "FarManager.csproj", "{ED1D5F72-189D-40C4-A27F-B739408447DF}"
EndProject
Global
	GlobalSection(SolutionConfigurationPlatforms) = preSolution
		Debug|Any CPU = Debug|Any CPU
		Release|Any CPU = Release|Any CPU
	EndGlobalSection
	GlobalSection(ProjectConfigurationPlatforms) = postSolution
		{ED1D5F72-189D-40C4-A27F-B739408447DF}.Debug|Any CPU.ActiveCfg = Debug|Any CPU
		{ED1D5F72-189D-40C4-A27F-B739408447DF}.Debug|Any CPU.Build.0 = Debug|Any CPU
		{ED1D5F72-189D-40C4-A27F-B739408447DF}.Release|Any CPU.ActiveCfg = Release|Any CPU
		{ED1D5F72-189D-40C4-A27F-B739408447DF}.Release|Any CPU.Build.0 = Release|Any CPU
	EndGlobalSection
EndGlobal
